Microsoft Visual Studio Solution File, Format Version 12.00
# Visual Studio 15
VisualStudioVersion = 15.0.27004.2010
MinimumVisualStudioVersion = 10.0.40219.1
Project("{8BC9CEB8-8B4A-11D0-8D11-00A0C91BC942}") = "01_hello", "01_hello\01_hello.vcxproj", "{A15ED7DF-C7B7-4C31-AFB1-75A9F55EB43B}"
EndProject
Project("{8BC9CEB8-8B4A-11D0-8D11-00A0C91BC942}") = "02_first_c_plus_project", "02_first_c_plus_project\02_first_c_plus_project.vcxproj", "{49945318-DAA7-4045-A2BF-68BADAED7316}"
EndProject
Project("{8BC9CEB8-8B4A-11D0-8D11-00A0C91BC942}") = "03_OperatorOverLoad", "constTest\constTest.vcxproj", "{0E633EFB-86CC-4441-A9BF-CD9DECA4860B}"
EndProject
Project("{8BC9CEB8-8B4A-11D0-8D11-00A0C91BC942}") = "04_TemplateTest", "TemplateTest\TemplateTest.vcxproj", "{EF69954C-B023-4097-B990-51AB5051DEDD}"
EndProject
Project("{8BC9CEB8-8B4A-11D0-8D11-00A0C91BC942}") = "05_HashMapTest", "HashMapTest\HashMapTest.vcxproj", "{BADB084F-EC8F-4549-A10D-B28F1B1379D6}"
EndProject
Project("{8BC9CEB8-8B4A-11D0-8D11-00A0C91BC942}") = "06_ExceptionHandling", "ExceptionHandling\ExceptionHandling.vcxproj", "{EC5C7FEF-53DA-4A47-821D-A35840E69564}"
EndProject
Project("{8BC9CEB8-8B4A-11D0-8D11-00A0C91BC942}") = "07_socket", "07_socket\07_socket.vcxproj", "{D4521BA4-7780-4995-AF1D-2CA493B57E3F}"
EndProject
Global
	GlobalSection(SolutionConfigurationPlatforms) = preSolution
		Debug|x64 = Debug|x64
		Debug|x86 = Debug|x86
		Release|x64 = Release|x64
		Release|x86 = Release|x86
	EndGlobalSection
	GlobalSection(ProjectConfigurationPlatforms) = postSolution
		{A15ED7DF-C7B7-4C31-AFB1-75A9F55EB43B}.Debug|x64.ActiveCfg = Debug|x64
		{A15ED7DF-C7B7-4C31-AFB1-75A9F55EB43B}.Debug|x64.Build.0 = Debug|x64
		{A15ED7DF-C7B7-4C31-AFB1-75A9F55EB43B}.Debug|x86.ActiveCfg = Debug|Win32
		{A15ED7DF-C7B7-4C31-AFB1-75A9F55EB43B}.Debug|x86.Build.0 = Debug|Win32
		{A15ED7DF-C7B7-4C31-AFB1-75A9F55EB43B}.Release|x64.ActiveCfg = Release|x64
		{A15ED7DF-C7B7-4C31-AFB1-75A9F55EB43B}.Release|x64.Build.0 = Release|x64
		{A15ED7DF-C7B7-4C31-AFB1-75A9F55EB43B}.Release|x86.ActiveCfg = Release|Win32
		{A15ED7DF-C7B7-4C31-AFB1-75A9F55EB43B}.Release|x86.Build.0 = Release|Win32
		{49945318-DAA7-4045-A2BF-68BADAED7316}.Debug|x64.ActiveCfg = Debug|x64
		{49945318-DAA7-4045-A2BF-68BADAED7316}.Debug|x64.Build.0 = Debug|x64
		{49945318-DAA7-4045-A2BF-68BADAED7316}.Debug|x86.ActiveCfg = Debug|Win32
		{49945318-DAA7-4045-A2BF-68BADAED7316}.Debug|x86.Build.0 = Debug|Win32
		{49945318-DAA7-4045-A2BF-68BADAED7316}.Release|x64.ActiveCfg = Release|x64
		{49945318-DAA7-4045-A2BF-68BADAED7316}.Release|x64.Build.0 = Release|x64
		{49945318-DAA7-4045-A2BF-68BADAED7316}.Release|x86.ActiveCfg = Release|Win32
		{49945318-DAA7-4045-A2BF-68BADAED7316}.Release|x86.Build.0 = Release|Win32
		{0E633EFB-86CC-4441-A9BF-CD9DECA4860B}.Debug|x64.ActiveCfg = Debug|x64
		{0E633EFB-86CC-4441-A9BF-CD9DECA4860B}.Debug|x64.Build.0 = Debug|x64
		{0E633EFB-86CC-4441-A9BF-CD9DECA4860B}.Debug|x86.ActiveCfg = Debug|Win32
		{0E633EFB-86CC-4441-A9BF-CD9DECA4860B}.Debug|x86.Build.0 = Debug|Win32
		{0E633EFB-86CC-4441-A9BF-CD9DECA4860B}.Release|x64.ActiveCfg = Release|x64
		{0E633EFB-86CC-4441-A9BF-CD9DECA4860B}.Release|x64.Build.0 = Release|x64
		{0E633EFB-86CC-4441-A9BF-CD9DECA4860B}.Release|x86.ActiveCfg = Release|Win32
		{0E633EFB-86CC-4441-A9BF-CD9DECA4860B}.Release|x86.Build.0 = Release|Win32
		{EF69954C-B023-4097-B990-51AB5051DEDD}.Debug|x64.ActiveCfg = Debug|x64
		{EF69954C-B023-4097-B990-51AB5051DEDD}.Debug|x64.Build.0 = Debug|x64
		{EF69954C-B023-4097-B990-51AB5051DEDD}.Debug|x86.ActiveCfg = Debug|Win32
		{EF69954C-B023-4097-B990-51AB5051DEDD}.Debug|x86.Build.0 = Debug|Win32
		{EF69954C-B023-4097-B990-51AB5051DEDD}.Release|x64.ActiveCfg = Release|x64
		{EF69954C-B023-4097-B990-51AB5051DEDD}.Release|x64.Build.0 = Release|x64
		{EF69954C-B023-4097-B990-51AB5051DEDD}.Release|x86.ActiveCfg = Release|Win32
		{EF69954C-B023-4097-B990-51AB5051DEDD}.Release|x86.Build.0 = Release|Win32
		{BADB084F-EC8F-4549-A10D-B28F1B1379D6}.Debug|x64.ActiveCfg = Debug|x64
		{BADB084F-EC8F-4549-A10D-B28F1B1379D6}.Debug|x64.Build.0 = Debug|x64
		{BADB084F-EC8F-4549-A10D-B28F1B1379D6}.Debug|x86.ActiveCfg = Debug|Win32
		{BADB084F-EC8F-4549-A10D-B28F1B1379D6}.Debug|x86.Build.0 = Debug|Win32
		{BADB084F-EC8F-4549-A10D-B28F1B1379D6}.Release|x64.ActiveCfg = Release|x64
		{BADB084F-EC8F-4549-A10D-B28F1B1379D6}.Release|x64.Build.0 = Release|x64
		{BADB084F-EC8F-4549-A10D-B28F1B1379D6}.Release|x86.ActiveCfg = Release|Win32
		{BADB084F-EC8F-4549-A10D-B28F1B1379D6}.Release|x86.Build.0 = Release|Win32
		{EC5C7FEF-53DA-4A47-821D-A35840E69564}.Debug|x64.ActiveCfg = Debug|x64
		{EC5C7FEF-53DA-4A47-821D-A35840E69564}.Debug|x64.Build.0 = Debug|x64
		{EC5C7FEF-53DA-4A47-821D-A35840E69564}.Debug|x86.ActiveCfg = Debug|Win32
		{EC5C7FEF-53DA-4A47-821D-A35840E69564}.Debug|x86.Build.0 = Debug|Win32
		{EC5C7FEF-53DA-4A47-821D-A35840E69564}.Release|x64.ActiveCfg = Release|x64
		{EC5C7FEF-53DA-4A47-821D-A35840E69564}.Release|x64.Build.0 = Release|x64
		{EC5C7FEF-53DA-4A47-821D-A35840E69564}.Release|x86.ActiveCfg = Release|Win32
		{EC5C7FEF-53DA-4A47-821D-A35840E69564}.Release|x86.Build.0 = Release|Win32
		{D4521BA4-7780-4995-AF1D-2CA493B57E3F}.Debug|x64.ActiveCfg = Debug|x64
		{D4521BA4-7780-4995-AF1D-2CA493B57E3F}.Debug|x64.Build.0 = Debug|x64
		{D4521BA4-7780-4995-AF1D-2CA493B57E3F}.Debug|x86.ActiveCfg = Debug|Win32
		{D4521BA4-7780-4995-AF1D-2CA493B57E3F}.Debug|x86.Build.0 = Debug|Win32
		{D4521BA4-7780-4995-AF1D-2CA493B57E3F}.Release|x64.ActiveCfg = Release|x64
		{D4521BA4-7780-4995-AF1D-2CA493B57E3F}.Release|x64.Build.0 = Release|x64
		{D4521BA4-7780-4995-AF1D-2CA493B57E3F}.Release|x86.ActiveCfg = Release|Win32
		{D4521BA4-7780-4995-AF1D-2CA493B57E3F}.Release|x86.Build.0 = Release|Win32
	EndGlobalSection
	GlobalSection(SolutionProperties) = preSolution
		HideSolutionNode = FALSE
	EndGlobalSection
	GlobalSection(ExtensibilityGlobals) = postSolution
		SolutionGuid = {DBFC81A3-6186-4B95-BF6D-B54E0F91051D}
	EndGlobalSection
EndGlobal
